
Microsoft Visual Studio Solution File, Format Version 12.00
# Visual Studio Version 17
VisualStudioVersion = 17.11.35222.181
MinimumVisualStudioVersion = 10.0.40219.1
Project("{2150E333-8FDC-42A3-9474-1A3956D46DE8}") = "src", "src", "{F373D974-25F1-47FD-A381-311E95D1E22A}"
EndProject
Project("{2150E333-8FDC-42A3-9474-1A3956D46DE8}") = "test", "test", "{7563BFAA-9248-4A07-9BB3-13B913B80080}"
EndProject
Project("{2150E333-8FDC-42A3-9474-1A3956D46DE8}") = "Core", "Core", "{CC34F6B0-8F34-4B9C-AA3D-9306BD961B8B}"
EndProject
Project("{9A19103F-16F7-4668-BE54-9A1E7A4F7556}") = "ShopSphere.Common", "src\Core\ShopSphere.Common\ShopSphere.Common.csproj", "{012E3BF8-4F0F-4829-9CD0-0E266D565599}"
EndProject
Project("{9A19103F-16F7-4668-BE54-9A1E7A4F7556}") = "ShopSphere.UserServiceTests", "test\ShopSphere.Tests\ShopSphere.UserServiceTests.csproj", "{4C46A646-A44A-434C-8B1C-439E30E8FDCC}"
EndProject
Project("{2150E333-8FDC-42A3-9474-1A3956D46DE8}") = "Gateway", "Gateway", "{7814228A-6A14-4406-987B-0137FAE3D5A2}"
EndProject
Project("{9A19103F-16F7-4668-BE54-9A1E7A4F7556}") = "ShopSphere.ApiGateway", "src\Gateways\ShopSphere.ApiGateway\ShopSphere.ApiGateway.csproj", "{F0371082-32FB-4B4D-886C-EFC4541F5449}"
EndProject
Project("{2150E333-8FDC-42A3-9474-1A3956D46DE8}") = "UserService", "UserService", "{B01B8124-2DF1-4E49-819A-76026B8A1B61}"
EndProject
Project("{2150E333-8FDC-42A3-9474-1A3956D46DE8}") = "OrderService", "OrderService", "{61D111AD-2328-484E-B019-D0ED0F40D006}"
EndProject
Project("{2150E333-8FDC-42A3-9474-1A3956D46DE8}") = "ProductService", "ProductService", "{C6C8B6A8-166D-43BD-BFF2-6694127F24CE}"
EndProject
Project("{9A19103F-16F7-4668-BE54-9A1E7A4F7556}") = "ShopSphere.OrderService.Application", "src\OrderService\ShopSphere.OrderService.Application\ShopSphere.OrderService.Application.csproj", "{908D01B3-AF35-4E9C-9E26-E5843C2AAD4F}"
EndProject
Project("{9A19103F-16F7-4668-BE54-9A1E7A4F7556}") = "ShopSphere.OrderService.Domain", "src\OrderService\ShopSphere.OrderService.Domain\ShopSphere.OrderService.Domain.csproj", "{1DE3BC96-EB1A-4B15-A3D0-F755AB16BD39}"
EndProject
Project("{9A19103F-16F7-4668-BE54-9A1E7A4F7556}") = "ShopSphere.OrderService.Infrastructure", "src\OrderService\ShopSphere.OrderService.Infrastructure\ShopSphere.OrderService.Infrastructure.csproj", "{149CF60F-EC3E-48E3-A3B2-8CA0E4603F08}"
EndProject
Project("{9A19103F-16F7-4668-BE54-9A1E7A4F7556}") = "ShopSphere.OrderService.Persistence", "src\OrderService\ShopSphere.OrderService.Persistence\ShopSphere.OrderService.Persistence.csproj", "{F445EDDC-DAC0-4570-AE3B-D39C43312876}"
EndProject
Project("{9A19103F-16F7-4668-BE54-9A1E7A4F7556}") = "ShopSphere.ProductService.Application", "src\ProductService\ShopSphere.ProductService.Application\ShopSphere.ProductService.Application.csproj", "{CEF9C774-E0B7-4F99-82A4-32416C76476F}"
EndProject
Project("{9A19103F-16F7-4668-BE54-9A1E7A4F7556}") = "ShopSphere.ProductService.Domain", "src\ProductService\ShopSphere.ProductService.Domain\ShopSphere.ProductService.Domain.csproj", "{F1C82D45-8DD6-4AD2-B66E-9F1E03684808}"
EndProject
Project("{9A19103F-16F7-4668-BE54-9A1E7A4F7556}") = "ShopSphere.ProductService.Infrastructure", "src\ProductService\ShopSphere.ProductService.Infrastructure\ShopSphere.ProductService.Infrastructure.csproj", "{4460FED5-AEBD-452A-966E-7881B8674318}"
EndProject
Project("{9A19103F-16F7-4668-BE54-9A1E7A4F7556}") = "ShopSphere.ProductService.Persistence", "src\ProductService\ShopSphere.ProductService.Persistence\ShopSphere.ProductService.Persistence.csproj", "{07A3AB3F-C4E4-4C58-9C3F-9C64F9CBEF14}"
EndProject
Project("{9A19103F-16F7-4668-BE54-9A1E7A4F7556}") = "ShopSphere.OrderService.API", "src\OrderService\ShopSphere.OrderService.API\ShopSphere.OrderService.API.csproj", "{809FC13E-B31D-4148-AA12-EF0983079794}"
EndProject
Project("{9A19103F-16F7-4668-BE54-9A1E7A4F7556}") = "ShopSphere.ProductService.API", "src\ProductService\ShopSphere.ProductService.API\ShopSphere.ProductService.API.csproj", "{2B282B62-42A6-4658-8DDF-F0BB31CAC1CA}"
EndProject
Project("{9A19103F-16F7-4668-BE54-9A1E7A4F7556}") = "ShopSphere.OrderServiceTests", "test\ShopSphere.OrderServiceTests\ShopSphere.OrderServiceTests.csproj", "{E9E2015F-3255-422C-A319-C87537C80479}"
EndProject
Project("{9A19103F-16F7-4668-BE54-9A1E7A4F7556}") = "ShopSphere.ProductServiceTests", "test\ShopSphere.ProductServiceTests\ShopSphere.ProductServiceTests.csproj", "{CC11D208-1AF7-4381-AB62-720652899E13}"
EndProject
Project("{9A19103F-16F7-4668-BE54-9A1E7A4F7556}") = "ShopSphere.UserService.API", "src\UserService\ShopSphere.UserService.API\ShopSphere.UserService.API.csproj", "{2027DCD2-15E8-417B-BF6B-D00373451AA0}"
EndProject
Project("{9A19103F-16F7-4668-BE54-9A1E7A4F7556}") = "ShopSphere.UserService.Application", "src\UserService\ShopSphere.UserService.Application\ShopSphere.UserService.Application.csproj", "{072FC60D-0A38-4E5B-9A7D-3137B010A364}"
EndProject
Project("{9A19103F-16F7-4668-BE54-9A1E7A4F7556}") = "ShopSphere.UserService.Domain", "src\UserService\ShopSphere.UserService.Domain\ShopSphere.UserService.Domain.csproj", "{0064849E-15C0-482A-8846-ACBF27F2BCEA}"
EndProject
Project("{9A19103F-16F7-4668-BE54-9A1E7A4F7556}") = "ShopSphere.UserService.Infrastructure", "src\UserService\ShopSphere.UserService.Infrastructure\ShopSphere.UserService.Infrastructure.csproj", "{C5FEF36B-BD6E-45F9-973F-61C418CCF6B0}"
EndProject
Project("{9A19103F-16F7-4668-BE54-9A1E7A4F7556}") = "ShopSphere.UserService.Persistence", "src\UserService\ShopSphere.UserService.Persistence\ShopSphere.UserService.Persistence.csproj", "{3489EEFD-8982-4ABA-BC55-90A06A34B9AB}"
EndProject
Global
	GlobalSection(SolutionConfigurationPlatforms) = preSolution
		Debug|Any CPU = Debug|Any CPU
		Release|Any CPU = Release|Any CPU
	EndGlobalSection
	GlobalSection(ProjectConfigurationPlatforms) = postSolution
		{012E3BF8-4F0F-4829-9CD0-0E266D565599}.Debug|Any CPU.ActiveCfg = Debug|Any CPU
		{012E3BF8-4F0F-4829-9CD0-0E266D565599}.Debug|Any CPU.Build.0 = Debug|Any CPU
		{012E3BF8-4F0F-4829-9CD0-0E266D565599}.Release|Any CPU.ActiveCfg = Release|Any CPU
		{012E3BF8-4F0F-4829-9CD0-0E266D565599}.Release|Any CPU.Build.0 = Release|Any CPU
		{4C46A646-A44A-434C-8B1C-439E30E8FDCC}.Debug|Any CPU.ActiveCfg = Debug|Any CPU
		{4C46A646-A44A-434C-8B1C-439E30E8FDCC}.Debug|Any CPU.Build.0 = Debug|Any CPU
		{4C46A646-A44A-434C-8B1C-439E30E8FDCC}.Release|Any CPU.ActiveCfg = Release|Any CPU
		{4C46A646-A44A-434C-8B1C-439E30E8FDCC}.Release|Any CPU.Build.0 = Release|Any CPU
		{F0371082-32FB-4B4D-886C-EFC4541F5449}.Debug|Any CPU.ActiveCfg = Debug|Any CPU
		{F0371082-32FB-4B4D-886C-EFC4541F5449}.Debug|Any CPU.Build.0 = Debug|Any CPU
		{F0371082-32FB-4B4D-886C-EFC4541F5449}.Release|Any CPU.ActiveCfg = Release|Any CPU
		{F0371082-32FB-4B4D-886C-EFC4541F5449}.Release|Any CPU.Build.0 = Release|Any CPU
		{908D01B3-AF35-4E9C-9E26-E5843C2AAD4F}.Debug|Any CPU.ActiveCfg = Debug|Any CPU
		{908D01B3-AF35-4E9C-9E26-E5843C2AAD4F}.Debug|Any CPU.Build.0 = Debug|Any CPU
		{908D01B3-AF35-4E9C-9E26-E5843C2AAD4F}.Release|Any CPU.ActiveCfg = Release|Any CPU
		{908D01B3-AF35-4E9C-9E26-E5843C2AAD4F}.Release|Any CPU.Build.0 = Release|Any CPU
		{1DE3BC96-EB1A-4B15-A3D0-F755AB16BD39}.Debug|Any CPU.ActiveCfg = Debug|Any CPU
		{1DE3BC96-EB1A-4B15-A3D0-F755AB16BD39}.Debug|Any CPU.Build.0 = Debug|Any CPU
		{1DE3BC96-EB1A-4B15-A3D0-F755AB16BD39}.Release|Any CPU.ActiveCfg = Release|Any CPU
		{1DE3BC96-EB1A-4B15-A3D0-F755AB16BD39}.Release|Any CPU.Build.0 = Release|Any CPU
		{149CF60F-EC3E-48E3-A3B2-8CA0E4603F08}.Debug|Any CPU.ActiveCfg = Debug|Any CPU
		{149CF60F-EC3E-48E3-A3B2-8CA0E4603F08}.Debug|Any CPU.Build.0 = Debug|Any CPU
		{149CF60F-EC3E-48E3-A3B2-8CA0E4603F08}.Release|Any CPU.ActiveCfg = Release|Any CPU
		{149CF60F-EC3E-48E3-A3B2-8CA0E4603F08}.Release|Any CPU.Build.0 = Release|Any CPU
		{F445EDDC-DAC0-4570-AE3B-D39C43312876}.Debug|Any CPU.ActiveCfg = Debug|Any CPU
		{F445EDDC-DAC0-4570-AE3B-D39C43312876}.Debug|Any CPU.Build.0 = Debug|Any CPU
		{F445EDDC-DAC0-4570-AE3B-D39C43312876}.Release|Any CPU.ActiveCfg = Release|Any CPU
		{F445EDDC-DAC0-4570-AE3B-D39C43312876}.Release|Any CPU.Build.0 = Release|Any CPU
		{CEF9C774-E0B7-4F99-82A4-32416C76476F}.Debug|Any CPU.ActiveCfg = Debug|Any CPU
		{CEF9C774-E0B7-4F99-82A4-32416C76476F}.Debug|Any CPU.Build.0 = Debug|Any CPU
		{CEF9C774-E0B7-4F99-82A4-32416C76476F}.Release|Any CPU.ActiveCfg = Release|Any CPU
		{CEF9C774-E0B7-4F99-82A4-32416C76476F}.Release|Any CPU.Build.0 = Release|Any CPU
		{F1C82D45-8DD6-4AD2-B66E-9F1E03684808}.Debug|Any CPU.ActiveCfg = Debug|Any CPU
		{F1C82D45-8DD6-4AD2-B66E-9F1E03684808}.Debug|Any CPU.Build.0 = Debug|Any CPU
		{F1C82D45-8DD6-4AD2-B66E-9F1E03684808}.Release|Any CPU.ActiveCfg = Release|Any CPU
		{F1C82D45-8DD6-4AD2-B66E-9F1E03684808}.Release|Any CPU.Build.0 = Release|Any CPU
		{4460FED5-AEBD-452A-966E-7881B8674318}.Debug|Any CPU.ActiveCfg = Debug|Any CPU
		{4460FED5-AEBD-452A-966E-7881B8674318}.Debug|Any CPU.Build.0 = Debug|Any CPU
		{4460FED5-AEBD-452A-966E-7881B8674318}.Release|Any CPU.ActiveCfg = Release|Any CPU
		{4460FED5-AEBD-452A-966E-7881B8674318}.Release|Any CPU.Build.0 = Release|Any CPU
		{07A3AB3F-C4E4-4C58-9C3F-9C64F9CBEF14}.Debug|Any CPU.ActiveCfg = Debug|Any CPU
		{07A3AB3F-C4E4-4C58-9C3F-9C64F9CBEF14}.Debug|Any CPU.Build.0 = Debug|Any CPU
		{07A3AB3F-C4E4-4C58-9C3F-9C64F9CBEF14}.Release|Any CPU.ActiveCfg = Release|Any CPU
		{07A3AB3F-C4E4-4C58-9C3F-9C64F9CBEF14}.Release|Any CPU.Build.0 = Release|Any CPU
		{809FC13E-B31D-4148-AA12-EF0983079794}.Debug|Any CPU.ActiveCfg = Debug|Any CPU
		{809FC13E-B31D-4148-AA12-EF0983079794}.Debug|Any CPU.Build.0 = Debug|Any CPU
		{809FC13E-B31D-4148-AA12-EF0983079794}.Release|Any CPU.ActiveCfg = Release|Any CPU
		{809FC13E-B31D-4148-AA12-EF0983079794}.Release|Any CPU.Build.0 = Release|Any CPU
		{2B282B62-42A6-4658-8DDF-F0BB31CAC1CA}.Debug|Any CPU.ActiveCfg = Debug|Any CPU
		{2B282B62-42A6-4658-8DDF-F0BB31CAC1CA}.Debug|Any CPU.Build.0 = Debug|Any CPU
		{2B282B62-42A6-4658-8DDF-F0BB31CAC1CA}.Release|Any CPU.ActiveCfg = Release|Any CPU
		{2B282B62-42A6-4658-8DDF-F0BB31CAC1CA}.Release|Any CPU.Build.0 = Release|Any CPU
		{E9E2015F-3255-422C-A319-C87537C80479}.Debug|Any CPU.ActiveCfg = Debug|Any CPU
		{E9E2015F-3255-422C-A319-C87537C80479}.Debug|Any CPU.Build.0 = Debug|Any CPU
		{E9E2015F-3255-422C-A319-C87537C80479}.Release|Any CPU.ActiveCfg = Release|Any CPU
		{E9E2015F-3255-422C-A319-C87537C80479}.Release|Any CPU.Build.0 = Release|Any CPU
		{CC11D208-1AF7-4381-AB62-720652899E13}.Debug|Any CPU.ActiveCfg = Debug|Any CPU
		{CC11D208-1AF7-4381-AB62-720652899E13}.Debug|Any CPU.Build.0 = Debug|Any CPU
		{CC11D208-1AF7-4381-AB62-720652899E13}.Release|Any CPU.ActiveCfg = Release|Any CPU
		{CC11D208-1AF7-4381-AB62-720652899E13}.Release|Any CPU.Build.0 = Release|Any CPU
		{2027DCD2-15E8-417B-BF6B-D00373451AA0}.Debug|Any CPU.ActiveCfg = Debug|Any CPU
		{2027DCD2-15E8-417B-BF6B-D00373451AA0}.Debug|Any CPU.Build.0 = Debug|Any CPU
		{2027DCD2-15E8-417B-BF6B-D00373451AA0}.Release|Any CPU.ActiveCfg = Release|Any CPU
		{2027DCD2-15E8-417B-BF6B-D00373451AA0}.Release|Any CPU.Build.0 = Release|Any CPU
		{072FC60D-0A38-4E5B-9A7D-3137B010A364}.Debug|Any CPU.ActiveCfg = Debug|Any CPU
		{072FC60D-0A38-4E5B-9A7D-3137B010A364}.Debug|Any CPU.Build.0 = Debug|Any CPU
		{072FC60D-0A38-4E5B-9A7D-3137B010A364}.Release|Any CPU.ActiveCfg = Release|Any CPU
		{072FC60D-0A38-4E5B-9A7D-3137B010A364}.Release|Any CPU.Build.0 = Release|Any CPU
		{0064849E-15C0-482A-8846-ACBF27F2BCEA}.Debug|Any CPU.ActiveCfg = Debug|Any CPU
		{0064849E-15C0-482A-8846-ACBF27F2BCEA}.Debug|Any CPU.Build.0 = Debug|Any CPU
		{0064849E-15C0-482A-8846-ACBF27F2BCEA}.Release|Any CPU.ActiveCfg = Release|Any CPU
		{0064849E-15C0-482A-8846-ACBF27F2BCEA}.Release|Any CPU.Build.0 = Release|Any CPU
		{C5FEF36B-BD6E-45F9-973F-61C418CCF6B0}.Debug|Any CPU.ActiveCfg = Debug|Any CPU
		{C5FEF36B-BD6E-45F9-973F-61C418CCF6B0}.Debug|Any CPU.Build.0 = Debug|Any CPU
		{C5FEF36B-BD6E-45F9-973F-61C418CCF6B0}.Release|Any CPU.ActiveCfg = Release|Any CPU
		{C5FEF36B-BD6E-45F9-973F-61C418CCF6B0}.Release|Any CPU.Build.0 = Release|Any CPU
		{3489EEFD-8982-4ABA-BC55-90A06A34B9AB}.Debug|Any CPU.ActiveCfg = Debug|Any CPU
		{3489EEFD-8982-4ABA-BC55-90A06A34B9AB}.Debug|Any CPU.Build.0 = Debug|Any CPU
		{3489EEFD-8982-4ABA-BC55-90A06A34B9AB}.Release|Any CPU.ActiveCfg = Release|Any CPU
		{3489EEFD-8982-4ABA-BC55-90A06A34B9AB}.Release|Any CPU.Build.0 = Release|Any CPU
	EndGlobalSection
	GlobalSection(SolutionProperties) = preSolution
		HideSolutionNode = FALSE
	EndGlobalSection
	GlobalSection(NestedProjects) = preSolution
		{CC34F6B0-8F34-4B9C-AA3D-9306BD961B8B} = {F373D974-25F1-47FD-A381-311E95D1E22A}
		{012E3BF8-4F0F-4829-9CD0-0E266D565599} = {CC34F6B0-8F34-4B9C-AA3D-9306BD961B8B}
		{4C46A646-A44A-434C-8B1C-439E30E8FDCC} = {7563BFAA-9248-4A07-9BB3-13B913B80080}
		{7814228A-6A14-4406-987B-0137FAE3D5A2} = {F373D974-25F1-47FD-A381-311E95D1E22A}
		{F0371082-32FB-4B4D-886C-EFC4541F5449} = {7814228A-6A14-4406-987B-0137FAE3D5A2}
		{B01B8124-2DF1-4E49-819A-76026B8A1B61} = {F373D974-25F1-47FD-A381-311E95D1E22A}
		{61D111AD-2328-484E-B019-D0ED0F40D006} = {F373D974-25F1-47FD-A381-311E95D1E22A}
		{C6C8B6A8-166D-43BD-BFF2-6694127F24CE} = {F373D974-25F1-47FD-A381-311E95D1E22A}
		{908D01B3-AF35-4E9C-9E26-E5843C2AAD4F} = {61D111AD-2328-484E-B019-D0ED0F40D006}
		{1DE3BC96-EB1A-4B15-A3D0-F755AB16BD39} = {61D111AD-2328-484E-B019-D0ED0F40D006}
		{149CF60F-EC3E-48E3-A3B2-8CA0E4603F08} = {61D111AD-2328-484E-B019-D0ED0F40D006}
		{F445EDDC-DAC0-4570-AE3B-D39C43312876} = {61D111AD-2328-484E-B019-D0ED0F40D006}
		{CEF9C774-E0B7-4F99-82A4-32416C76476F} = {C6C8B6A8-166D-43BD-BFF2-6694127F24CE}
		{F1C82D45-8DD6-4AD2-B66E-9F1E03684808} = {C6C8B6A8-166D-43BD-BFF2-6694127F24CE}
		{4460FED5-AEBD-452A-966E-7881B8674318} = {C6C8B6A8-166D-43BD-BFF2-6694127F24CE}
		{07A3AB3F-C4E4-4C58-9C3F-9C64F9CBEF14} = {C6C8B6A8-166D-43BD-BFF2-6694127F24CE}
		{809FC13E-B31D-4148-AA12-EF0983079794} = {61D111AD-2328-484E-B019-D0ED0F40D006}
		{2B282B62-42A6-4658-8DDF-F0BB31CAC1CA} = {C6C8B6A8-166D-43BD-BFF2-6694127F24CE}
		{E9E2015F-3255-422C-A319-C87537C80479} = {7563BFAA-9248-4A07-9BB3-13B913B80080}
		{CC11D208-1AF7-4381-AB62-720652899E13} = {7563BFAA-9248-4A07-9BB3-13B913B80080}
		{2027DCD2-15E8-417B-BF6B-D00373451AA0} = {B01B8124-2DF1-4E49-819A-76026B8A1B61}
		{072FC60D-0A38-4E5B-9A7D-3137B010A364} = {B01B8124-2DF1-4E49-819A-76026B8A1B61}
		{0064849E-15C0-482A-8846-ACBF27F2BCEA} = {B01B8124-2DF1-4E49-819A-76026B8A1B61}
		{C5FEF36B-BD6E-45F9-973F-61C418CCF6B0} = {B01B8124-2DF1-4E49-819A-76026B8A1B61}
		{3489EEFD-8982-4ABA-BC55-90A06A34B9AB} = {B01B8124-2DF1-4E49-819A-76026B8A1B61}
	EndGlobalSection
	GlobalSection(ExtensibilityGlobals) = postSolution
		SolutionGuid = {1FCFB922-5B23-48C4-ABB0-BB52EFCB7257}
	EndGlobalSection
EndGlobal
