
Microsoft Visual Studio Solution File, Format Version 12.00
# Visual Studio Version 17
VisualStudioVersion = 17.11.35222.181
MinimumVisualStudioVersion = 10.0.40219.1
Project("{2150E333-8FDC-42A3-9474-1A3956D46DE8}") = "src", "src", "{F373D974-25F1-47FD-A381-311E95D1E22A}"
EndProject
Project("{2150E333-8FDC-42A3-9474-1A3956D46DE8}") = "test", "test", "{7563BFAA-9248-4A07-9BB3-13B913B80080}"
EndProject
Project("{2150E333-8FDC-42A3-9474-1A3956D46DE8}") = "Core", "Core", "{CC34F6B0-8F34-4B9C-AA3D-9306BD961B8B}"
EndProject
Project("{2150E333-8FDC-42A3-9474-1A3956D46DE8}") = "External", "External", "{AFCE284C-21E7-40DC-891C-9FCB11FA53D5}"
EndProject
Project("{2150E333-8FDC-42A3-9474-1A3956D46DE8}") = "Presentation", "Presentation", "{C9A5FE07-A8E5-4660-9FBF-9B3B4F3EDDCF}"
EndProject
Project("{9A19103F-16F7-4668-BE54-9A1E7A4F7556}") = "ShopSphere.UserService.Application", "src\Core\ShopSphere.UserService.Application\ShopSphere.UserService.Application.csproj", "{911FA39D-013A-4B42-94D4-6B034CC51F8C}"
EndProject
Project("{9A19103F-16F7-4668-BE54-9A1E7A4F7556}") = "ShopSphere.UserService.Domain", "src\Core\ShopSphere.UserService.Domain\ShopSphere.UserService.Domain.csproj", "{87C0F0B3-204F-4207-B22F-98C379A10E8B}"
EndProject
Project("{9A19103F-16F7-4668-BE54-9A1E7A4F7556}") = "ShopSphere.Common", "src\Core\ShopSphere.Common\ShopSphere.Common.csproj", "{012E3BF8-4F0F-4829-9CD0-0E266D565599}"
EndProject
Project("{9A19103F-16F7-4668-BE54-9A1E7A4F7556}") = "ShopSphere.UserService.Infrastructure", "src\External\ShopSphere.UserService.Infrastructure\ShopSphere.UserService.Infrastructure.csproj", "{A35BC459-7BE1-4E41-8710-5C0FAF46E400}"
EndProject
Project("{9A19103F-16F7-4668-BE54-9A1E7A4F7556}") = "ShopSphere.UserService.Persistence", "src\External\ShopSphere.UserService.Persistence\ShopSphere.UserService.Persistence.csproj", "{985033E1-FA99-477C-A2AE-69DDE9EDC015}"
EndProject
Project("{9A19103F-16F7-4668-BE54-9A1E7A4F7556}") = "ShopSphere.UserService.API", "src\Presentation\ShopSphere.UserService.API\ShopSphere.UserService.API.csproj", "{CB4DE3F3-629C-4712-8518-AC971BBC5BF0}"
EndProject
Project("{9A19103F-16F7-4668-BE54-9A1E7A4F7556}") = "ShopSphere.Tests", "test\ShopSphere.Tests\ShopSphere.Tests.csproj", "{4C46A646-A44A-434C-8B1C-439E30E8FDCC}"
EndProject
Project("{2150E333-8FDC-42A3-9474-1A3956D46DE8}") = "Gateway", "Gateway", "{7814228A-6A14-4406-987B-0137FAE3D5A2}"
EndProject
Project("{FAE04EC0-301F-11D3-BF4B-00C04F79EFBC}") = "ShopSphere.ApiGateway", "src\Gateways\ShopSphere.ApiGateway\ShopSphere.ApiGateway.csproj", "{F0371082-32FB-4B4D-886C-EFC4541F5449}"
EndProject
Global
	GlobalSection(SolutionConfigurationPlatforms) = preSolution
		Debug|Any CPU = Debug|Any CPU
		Release|Any CPU = Release|Any CPU
	EndGlobalSection
	GlobalSection(ProjectConfigurationPlatforms) = postSolution
		{911FA39D-013A-4B42-94D4-6B034CC51F8C}.Debug|Any CPU.ActiveCfg = Debug|Any CPU
		{911FA39D-013A-4B42-94D4-6B034CC51F8C}.Debug|Any CPU.Build.0 = Debug|Any CPU
		{911FA39D-013A-4B42-94D4-6B034CC51F8C}.Release|Any CPU.ActiveCfg = Release|Any CPU
		{911FA39D-013A-4B42-94D4-6B034CC51F8C}.Release|Any CPU.Build.0 = Release|Any CPU
		{87C0F0B3-204F-4207-B22F-98C379A10E8B}.Debug|Any CPU.ActiveCfg = Debug|Any CPU
		{87C0F0B3-204F-4207-B22F-98C379A10E8B}.Debug|Any CPU.Build.0 = Debug|Any CPU
		{87C0F0B3-204F-4207-B22F-98C379A10E8B}.Release|Any CPU.ActiveCfg = Release|Any CPU
		{87C0F0B3-204F-4207-B22F-98C379A10E8B}.Release|Any CPU.Build.0 = Release|Any CPU
		{012E3BF8-4F0F-4829-9CD0-0E266D565599}.Debug|Any CPU.ActiveCfg = Debug|Any CPU
		{012E3BF8-4F0F-4829-9CD0-0E266D565599}.Debug|Any CPU.Build.0 = Debug|Any CPU
		{012E3BF8-4F0F-4829-9CD0-0E266D565599}.Release|Any CPU.ActiveCfg = Release|Any CPU
		{012E3BF8-4F0F-4829-9CD0-0E266D565599}.Release|Any CPU.Build.0 = Release|Any CPU
		{A35BC459-7BE1-4E41-8710-5C0FAF46E400}.Debug|Any CPU.ActiveCfg = Debug|Any CPU
		{A35BC459-7BE1-4E41-8710-5C0FAF46E400}.Debug|Any CPU.Build.0 = Debug|Any CPU
		{A35BC459-7BE1-4E41-8710-5C0FAF46E400}.Release|Any CPU.ActiveCfg = Release|Any CPU
		{A35BC459-7BE1-4E41-8710-5C0FAF46E400}.Release|Any CPU.Build.0 = Release|Any CPU
		{985033E1-FA99-477C-A2AE-69DDE9EDC015}.Debug|Any CPU.ActiveCfg = Debug|Any CPU
		{985033E1-FA99-477C-A2AE-69DDE9EDC015}.Debug|Any CPU.Build.0 = Debug|Any CPU
		{985033E1-FA99-477C-A2AE-69DDE9EDC015}.Release|Any CPU.ActiveCfg = Release|Any CPU
		{985033E1-FA99-477C-A2AE-69DDE9EDC015}.Release|Any CPU.Build.0 = Release|Any CPU
		{CB4DE3F3-629C-4712-8518-AC971BBC5BF0}.Debug|Any CPU.ActiveCfg = Debug|Any CPU
		{CB4DE3F3-629C-4712-8518-AC971BBC5BF0}.Debug|Any CPU.Build.0 = Debug|Any CPU
		{CB4DE3F3-629C-4712-8518-AC971BBC5BF0}.Release|Any CPU.ActiveCfg = Release|Any CPU
		{CB4DE3F3-629C-4712-8518-AC971BBC5BF0}.Release|Any CPU.Build.0 = Release|Any CPU
		{4C46A646-A44A-434C-8B1C-439E30E8FDCC}.Debug|Any CPU.ActiveCfg = Debug|Any CPU
		{4C46A646-A44A-434C-8B1C-439E30E8FDCC}.Debug|Any CPU.Build.0 = Debug|Any CPU
		{4C46A646-A44A-434C-8B1C-439E30E8FDCC}.Release|Any CPU.ActiveCfg = Release|Any CPU
		{4C46A646-A44A-434C-8B1C-439E30E8FDCC}.Release|Any CPU.Build.0 = Release|Any CPU
		{F0371082-32FB-4B4D-886C-EFC4541F5449}.Debug|Any CPU.ActiveCfg = Debug|Any CPU
		{F0371082-32FB-4B4D-886C-EFC4541F5449}.Debug|Any CPU.Build.0 = Debug|Any CPU
		{F0371082-32FB-4B4D-886C-EFC4541F5449}.Release|Any CPU.ActiveCfg = Release|Any CPU
		{F0371082-32FB-4B4D-886C-EFC4541F5449}.Release|Any CPU.Build.0 = Release|Any CPU
	EndGlobalSection
	GlobalSection(SolutionProperties) = preSolution
		HideSolutionNode = FALSE
	EndGlobalSection
	GlobalSection(NestedProjects) = preSolution
		{CC34F6B0-8F34-4B9C-AA3D-9306BD961B8B} = {F373D974-25F1-47FD-A381-311E95D1E22A}
		{AFCE284C-21E7-40DC-891C-9FCB11FA53D5} = {F373D974-25F1-47FD-A381-311E95D1E22A}
		{C9A5FE07-A8E5-4660-9FBF-9B3B4F3EDDCF} = {F373D974-25F1-47FD-A381-311E95D1E22A}
		{911FA39D-013A-4B42-94D4-6B034CC51F8C} = {CC34F6B0-8F34-4B9C-AA3D-9306BD961B8B}
		{87C0F0B3-204F-4207-B22F-98C379A10E8B} = {CC34F6B0-8F34-4B9C-AA3D-9306BD961B8B}
		{012E3BF8-4F0F-4829-9CD0-0E266D565599} = {CC34F6B0-8F34-4B9C-AA3D-9306BD961B8B}
		{A35BC459-7BE1-4E41-8710-5C0FAF46E400} = {AFCE284C-21E7-40DC-891C-9FCB11FA53D5}
		{985033E1-FA99-477C-A2AE-69DDE9EDC015} = {AFCE284C-21E7-40DC-891C-9FCB11FA53D5}
		{CB4DE3F3-629C-4712-8518-AC971BBC5BF0} = {C9A5FE07-A8E5-4660-9FBF-9B3B4F3EDDCF}
		{4C46A646-A44A-434C-8B1C-439E30E8FDCC} = {7563BFAA-9248-4A07-9BB3-13B913B80080}
		{7814228A-6A14-4406-987B-0137FAE3D5A2} = {F373D974-25F1-47FD-A381-311E95D1E22A}
		{F0371082-32FB-4B4D-886C-EFC4541F5449} = {7814228A-6A14-4406-987B-0137FAE3D5A2}
	EndGlobalSection
	GlobalSection(ExtensibilityGlobals) = postSolution
		SolutionGuid = {1FCFB922-5B23-48C4-ABB0-BB52EFCB7257}
	EndGlobalSection
EndGlobal
